github.com/golang/mock v1.1.1 h1:G5FRp8JnTd7RQH5kemVNlMeyXQAztQ3mOWV95KxsXH8=
github.com/golang/mock v1.1.1/go.mod h1:oTYuIxOrZwtPieC+H1uAHpcLFnEyAGVDL/k47Jfbm0A=
golang.org/x/net v0.0.0-20180730214132-a0f8a16cb08c h1:Y75oIzobXQtxw3Lg3olbNCeFm8domyDYt1Lli7PMTSY=
golang.org/x/net v0.0.0-20180730214132-a0f8a16cb08c/go.mod h1:mL1N/T3taQHkDXs73rZJwtUhF3w3ftmwwsq0BUmARs4=
